// !$*UTF8*$!
{
	archiveVersion = 1;
	classes = {
	};
	objectVersion = 46;
	objects = {

/* Begin PBXBuildFile section */
		A5694DE91B85481F007182CA /* main.m in Sources */ = {isa = PBXBuildFile; fileRef = A5694DE81B85481F007182CA /* main.m */; };
		A5694DF11B854906007182CA /* Capital.m in Sources */ = {isa = PBXBuildFile; fileRef = A5694DF01B854906007182CA /* Capital.m */; };
/* End PBXBuildFile section */

/* Begin PBXCopyFilesBuildPhase section */
		A5694DE31B85481F007182CA /* CopyFiles */ = {
			isa = PBXCopyFilesBuildPhase;
			buildActionMask = 2147483647;
			dstPath = /usr/share/man/man1/;
			dstSubfolderSpec = 0;
			files = (
			);
			runOnlyForDeploymentPostprocessing = 1;
		};
/* End PBXCopyFilesBuildPhase section */

/* Begin PBXFileReference section */
		A5694DE51B85481F007182CA /* Capitalized */ = {isa = PBXFileReference; explicitFileType = "compiled.mach-o.executable"; includeInIndex = 0; path = Capitalized; sourceTree = BUILT_PRODUCTS_DIR; };
		A5694DE81B85481F007182CA /* main.m */ = {isa = PBXFileReference; lastKnownFileType = sourcecode.c.objc; path = main.m; sourceTree = "<group>"; };
		A5694DEF1B854906007182CA /* Capital.h */ = {isa = PBXFileReference; fileEncoding = 4; lastKnownFileType = sourcecode.c.h; path = Capital.h; sourceTree = "<group>"; };
		A5694DF01B854906007182CA /* Capital.m */ = {isa = PBXFileReference; fileEncoding = 4; lastKnownFileType = sourcecode.c.objc; path = Capital.m; sourceTree = "<group>"; };
/* End PBXFileReference section */

/* Begin PBXFrameworksBuildPhase section */
		A5694DE21B85481F007182CA /* Frameworks */ = {
			isa = PBXFrameworksBuildPhase;
			buildActionMask = 2147483647;
			files = (
			);
			runOnlyForDeploymentPostprocessing = 0;
		};
/* End PBXFrameworksBuildPhase section */

/* Begin PBXGroup section */
		A5694DDC1B85481F007182CA = {
			isa = PBXGroup;
			children = (
				A5694DE71B85481F007182CA /* Capitalized */,
				A5694DE61B85481F007182CA /* Products */,
			);
			sourceTree = "<group>";
		};
		A5694DE61B85481F007182CA /* Products */ = {
			isa = PBXGroup;
			children = (
				A5694DE51B85481F007182CA /* Capitalized */,
			);
			name = Products;
			sourceTree = "<group>";
		};
		A5694DE71B85481F007182CA /* Capitalized */ = {
			isa = PBXGroup;
			children = (
				A5694DE81B85481F007182CA /* main.m */,
				A5694DEF1B854906007182CA /* Capital.h */,
				A5694DF01B854906007182CA /* Capital.m */,
			);
			path = Capitalized;
			sourceTree = "<group>";
		};
/* End PBXGroup section */

/* Begin PBXNativeTarget section */
		A5694DE41B85481F007182CA /* Capitalized */ = {
			isa = PBXNativeTarget;
			buildConfigurationList = A5694DEC1B85481F007182CA /* Build configuration list for PBXNativeTarget "Capitalized" */;
			buildPhases = (
				A5694DE11B85481F007182CA /* Sources */,
				A5694DE21B85481F007182CA /* Frameworks */,
				A5694DE31B85481F007182CA /* CopyFiles */,
			);
			buildRules = (
			);
			dependencies = (
			);
			name = Capitalized;
			productName = Capitalized;
			productReference = A5694DE51B85481F007182CA /* Capitalized */;
			productType = "com.apple.product-type.tool";
		};
/* End PBXNativeTarget section */

/* Begin PBXProject section */
		A5694DDD1B85481F007182CA /* Project object */ = {
			isa = PBXProject;
			attributes = {
				LastUpgradeCheck = 0610;
				ORGANIZATIONNAME = "Arama Brown";
				TargetAttributes = {
					A5694DE41B85481F007182CA = {
						CreatedOnToolsVersion = 6.1.1;
					};
				};
			};
			buildConfigurationList = A5694DE01B85481F007182CA /* Build configuration list for PBXProject "Capitalized" */;
			compatibilityVersion = "Xcode 3.2";
			developmentRegion = English;
			hasScannedForEncodings = 0;
			knownRegions = (
				en,
			);
			mainGroup = A5694DDC1B85481F007182CA;
			productRefGroup = A5694DE61B85481F007182CA /* Products */;
			projectDirPath = "";
			projectRoot = "";
			targets = (
				A5694DE41B85481F007182CA /* Capitalized */,
			);
		};
/* End PBXProject section */

/* Begin PBXSourcesBuildPhase section */
		A5694DE11B85481F007182CA /* Sources */ = {
			isa = PBXSourcesBuildPhase;
			buildActionMask = 2147483647;
			files = (
				A5694DF11B854906007182CA /* Capital.m in Sources */,
				A5694DE91B85481F007182CA /* main.m in Sources */,
			);
			runOnlyForDeploymentPostprocessing = 0;
		};
/* End PBXSourcesBuildPhase section */

/* Begin XCBuildConfiguration section */
		A5694DEA1B85481F007182CA /* Debug */ = {
			isa = XCBuildConfiguration;
			buildSettings = {
				ALWAYS_SEARCH_USER_PATHS = NO;
				CLANG_CXX_LANGUAGE_STANDARD = "gnu++0x";
				CLANG_CXX_LIBRARY = "libc++";
				CLANG_ENABLE_MODULES = YES;
				CLANG_ENABLE_OBJC_ARC = YES;
				CLANG_WARN_BOOL_CONVERSION = YES;
				CLANG_WARN_CONSTANT_CONVERSION = YES;
				CLANG_WARN_DIRECT_OBJC_ISA_USAGE = YES_ERROR;
				CLANG_WARN_EMPTY_BODY = YES;
				CLANG_WARN_ENUM_CONVERSION = YES;
				CLANG_WARN_INT_CONVERSION = YES;
				CLANG_WARN_OBJC_ROOT_CLASS = YES_ERROR;
				CLANG_WARN_UNREACHABLE_CODE = YES;
				CLANG_WARN__DUPLICATE_METHOD_MATCH = YES;
				COPY_PHASE_STRIP = NO;
				ENABLE_STRICT_OBJC_MSGSEND = YES;
				GCC_C_LANGUAGE_STANDARD = gnu99;
				GCC_DYNAMIC_NO_PIC = NO;
				GCC_OPTIMIZATION_LEVEL = 0;
				GCC_PREPROCESSOR_DEFINITIONS = (
					"DEBUG=1",
					"$(inherited)",
				);
				GCC_SYMBOLS_PRIVATE_EXTERN = NO;
				GCC_WARN_64_TO_32_BIT_CONVERSION = YES;
				GCC_WARN_ABOUT_RETURN_TYPE = YES_ERROR;
				GCC_WARN_UNDECLARED_SELECTOR = YES;
				GCC_WARN_UNINITIALIZED_AUTOS = YES_AGGRESSIVE;
				GCC_WARN_UNUSED_FUNCTION = YES;
				GCC_WARN_UNUSED_VARIABLE = YES;
				MACOSX_DEPLOYMENT_TARGET = 10.9;
				MTL_ENABLE_DEBUG_INFO = YES;
				ONLY_ACTIVE_ARCH = YES;
				SDKROOT = macosx;
			};
			name = Debug;
		};
		A5694DEB1B85481F007182CA /* Release */ = {
			isa = XCBuildConfiguration;
			buildSettings = {
				ALWAYS_SEARCH_USER_PATHS = NO;
				CLANG_CXX_LANGUAGE_STANDARD = "gnu++0x";
				CLANG_CXX_LIBRARY = "libc++";
				CLANG_ENABLE_MODULES = YES;
				CLANG_ENABLE_OBJC_ARC = YES;
				CLANG_WARN_BOOL_CONVERSION = YES;
				CLANG_WARN_CONSTANT_CONVERSION = YES;
				CLANG_WARN_DIRECT_OBJC_ISA_USAGE = YES_ERROR;
				CLANG_WARN_EMPTY_BODY = YES;
				CLANG_WARN_ENUM_CONVERSION = YES;
				CLANG_WARN_INT_CONVERSION = YES;
				CLANG_WARN_OBJC_ROOT_CLASS = YES_ERROR;
				CLANG_WARN_UNREACHABLE_CODE = YES;
				CLANG_WARN__DUPLICATE_METHOD_MATCH = YES;
				COPY_PHASE_STRIP = YES;
				DEBUG_INFORMATION_FORMAT = "dwarf-with-dsym";
				ENABLE_NS_ASSERTIONS = NO;
				ENABLE_STRICT_OBJC_MSGSEND = YES;
				GCC_C_LANGUAGE_STANDARD = gnu99;
				GCC_WARN_64_TO_32_BIT_CONVERSION = YES;
				GCC_WARN_ABOUT_RETURN_TYPE = YES_ERROR;
				GCC_WARN_UNDECLARED_SELECTOR = YES;
				GCC_WARN_UNINITIALIZED_AUTOS = YES_AGGRESSIVE;
				GCC_WARN_UNUSED_FUNCTION = YES;
				GCC_WARN_UNUSED_VARIABLE = YES;
				MACOSX_DEPLOYMENT_TARGET = 10.9;
				MTL_ENABLE_DEBUG_INFO = NO;
				SDKROOT = macosx;
			};
			name = Release;
		};
		A5694DED1B85481F007182CA /* Debug */ = {
			isa = XCBuildConfiguration;
			buildSettings = {
				PRODUCT_NAME = "$(TARGET_NAME)";
			};
			name = Debug;
		};
		A5694DEE1B85481F007182CA /* Release */ = {
			isa = XCBuildConfiguration;
			buildSettings = {
				PRODUCT_NAME = "$(TARGET_NAME)";
			};
			name = Release;
		};
/* End XCBuildConfiguration section */

/* Begin XCConfigurationList section */
		A5694DE01B85481F007182CA /* Build configuration list for PBXProject "Capitalized" */ = {
			isa = XCConfigurationList;
			buildConfigurations = (
				A5694DEA1B85481F007182CA /* Debug */,
				A5694DEB1B85481F007182CA /* Release */,
			);
			defaultConfigurationIsVisible = 0;
			defaultConfigurationName = Release;
		};
		A5694DEC1B85481F007182CA /* Build configuration list for PBXNativeTarget "Capitalized" */ = {
			isa = XCConfigurationList;
			buildConfigurations = (
				A5694DED1B85481F007182CA /* Debug */,
				A5694DEE1B85481F007182CA /* Release */,
			);
			defaultConfigurationIsVisible = 0;
		};
/* End XCConfigurationList section */
	};
	rootObject = A5694DDD1B85481F007182CA /* Project object */;
}
