// !$*UTF8*$!
{
	archiveVersion = 1;
	classes = {
	};
	objectVersion = 46;
	objects = {

/* Begin PBXBuildFile section */
		A5FBD0E31B89851700F0B80C /* main.m in Sources */ = {isa = PBXBuildFile; fileRef = A5FBD0E21B89851700F0B80C /* main.m */; };
		A5FBD0EB1B89853300F0B80C /* Cometogether.m in Sources */ = {isa = PBXBuildFile; fileRef = A5FBD0EA1B89853300F0B80C /* Cometogether.m */; };
/* End PBXBuildFile section */

/* Begin PBXCopyFilesBuildPhase section */
		A5FBD0DD1B89851700F0B80C /* CopyFiles */ = {
			isa = PBXCopyFilesBuildPhase;
			buildActionMask = 2147483647;
			dstPath = /usr/share/man/man1/;
			dstSubfolderSpec = 0;
			files = (
			);
			runOnlyForDeploymentPostprocessing = 1;
		};
/* End PBXCopyFilesBuildPhase section */

/* Begin PBXFileReference section */
		A5FBD0DF1B89851700F0B80C /* Cometogether */ = {isa = PBXFileReference; explicitFileType = "compiled.mach-o.executable"; includeInIndex = 0; path = Cometogether; sourceTree = BUILT_PRODUCTS_DIR; };
		A5FBD0E21B89851700F0B80C /* main.m */ = {isa = PBXFileReference; lastKnownFileType = sourcecode.c.objc; path = main.m; sourceTree = "<group>"; };
		A5FBD0E91B89853300F0B80C /* Cometogether.h */ = {isa = PBXFileReference; fileEncoding = 4; lastKnownFileType = sourcecode.c.h; path = Cometogether.h; sourceTree = "<group>"; };
		A5FBD0EA1B89853300F0B80C /* Cometogether.m */ = {isa = PBXFileReference; fileEncoding = 4; lastKnownFileType = sourcecode.c.objc; path = Cometogether.m; sourceTree = "<group>"; };
/* End PBXFileReference section */

/* Begin PBXFrameworksBuildPhase section */
		A5FBD0DC1B89851700F0B80C /* Frameworks */ = {
			isa = PBXFrameworksBuildPhase;
			buildActionMask = 2147483647;
			files = (
			);
			runOnlyForDeploymentPostprocessing = 0;
		};
/* End PBXFrameworksBuildPhase section */

/* Begin PBXGroup section */
		A5FBD0D61B89851700F0B80C = {
			isa = PBXGroup;
			children = (
				A5FBD0E91B89853300F0B80C /* Cometogether.h */,
				A5FBD0EA1B89853300F0B80C /* Cometogether.m */,
				A5FBD0E11B89851700F0B80C /* Cometogether */,
				A5FBD0E01B89851700F0B80C /* Products */,
			);
			sourceTree = "<group>";
		};
		A5FBD0E01B89851700F0B80C /* Products */ = {
			isa = PBXGroup;
			children = (
				A5FBD0DF1B89851700F0B80C /* Cometogether */,
			);
			name = Products;
			sourceTree = "<group>";
		};
		A5FBD0E11B89851700F0B80C /* Cometogether */ = {
			isa = PBXGroup;
			children = (
				A5FBD0E21B89851700F0B80C /* main.m */,
			);
			path = Cometogether;
			sourceTree = "<group>";
		};
/* End PBXGroup section */

/* Begin PBXNativeTarget section */
		A5FBD0DE1B89851700F0B80C /* Cometogether */ = {
			isa = PBXNativeTarget;
			buildConfigurationList = A5FBD0E61B89851700F0B80C /* Build configuration list for PBXNativeTarget "Cometogether" */;
			buildPhases = (
				A5FBD0DB1B89851700F0B80C /* Sources */,
				A5FBD0DC1B89851700F0B80C /* Frameworks */,
				A5FBD0DD1B89851700F0B80C /* CopyFiles */,
			);
			buildRules = (
			);
			dependencies = (
			);
			name = Cometogether;
			productName = Cometogether;
			productReference = A5FBD0DF1B89851700F0B80C /* Cometogether */;
			productType = "com.apple.product-type.tool";
		};
/* End PBXNativeTarget section */

/* Begin PBXProject section */
		A5FBD0D71B89851700F0B80C /* Project object */ = {
			isa = PBXProject;
			attributes = {
				LastUpgradeCheck = 0610;
				ORGANIZATIONNAME = "Arama Brown";
				TargetAttributes = {
					A5FBD0DE1B89851700F0B80C = {
						CreatedOnToolsVersion = 6.1.1;
					};
				};
			};
			buildConfigurationList = A5FBD0DA1B89851700F0B80C /* Build configuration list for PBXProject "Cometogether" */;
			compatibilityVersion = "Xcode 3.2";
			developmentRegion = English;
			hasScannedForEncodings = 0;
			knownRegions = (
				en,
			);
			mainGroup = A5FBD0D61B89851700F0B80C;
			productRefGroup = A5FBD0E01B89851700F0B80C /* Products */;
			projectDirPath = "";
			projectRoot = "";
			targets = (
				A5FBD0DE1B89851700F0B80C /* Cometogether */,
			);
		};
/* End PBXProject section */

/* Begin PBXSourcesBuildPhase section */
		A5FBD0DB1B89851700F0B80C /* Sources */ = {
			isa = PBXSourcesBuildPhase;
			buildActionMask = 2147483647;
			files = (
				A5FBD0E31B89851700F0B80C /* main.m in Sources */,
				A5FBD0EB1B89853300F0B80C /* Cometogether.m in Sources */,
			);
			runOnlyForDeploymentPostprocessing = 0;
		};
/* End PBXSourcesBuildPhase section */

/* Begin XCBuildConfiguration section */
		A5FBD0E41B89851700F0B80C /* Debug */ = {
			isa = XCBuildConfiguration;
			buildSettings = {
				ALWAYS_SEARCH_USER_PATHS = NO;
				CLANG_CXX_LANGUAGE_STANDARD = "gnu++0x";
				CLANG_CXX_LIBRARY = "libc++";
				CLANG_ENABLE_MODULES = YES;
				CLANG_ENABLE_OBJC_ARC = YES;
				CLANG_WARN_BOOL_CONVERSION = YES;
				CLANG_WARN_CONSTANT_CONVERSION = YES;
				CLANG_WARN_DIRECT_OBJC_ISA_USAGE = YES_ERROR;
				CLANG_WARN_EMPTY_BODY = YES;
				CLANG_WARN_ENUM_CONVERSION = YES;
				CLANG_WARN_INT_CONVERSION = YES;
				CLANG_WARN_OBJC_ROOT_CLASS = YES_ERROR;
				CLANG_WARN_UNREACHABLE_CODE = YES;
				CLANG_WARN__DUPLICATE_METHOD_MATCH = YES;
				COPY_PHASE_STRIP = NO;
				ENABLE_STRICT_OBJC_MSGSEND = YES;
				GCC_C_LANGUAGE_STANDARD = gnu99;
				GCC_DYNAMIC_NO_PIC = NO;
				GCC_OPTIMIZATION_LEVEL = 0;
				GCC_PREPROCESSOR_DEFINITIONS = (
					"DEBUG=1",
					"$(inherited)",
				);
				GCC_SYMBOLS_PRIVATE_EXTERN = NO;
				GCC_WARN_64_TO_32_BIT_CONVERSION = YES;
				GCC_WARN_ABOUT_RETURN_TYPE = YES_ERROR;
				GCC_WARN_UNDECLARED_SELECTOR = YES;
				GCC_WARN_UNINITIALIZED_AUTOS = YES_AGGRESSIVE;
				GCC_WARN_UNUSED_FUNCTION = YES;
				GCC_WARN_UNUSED_VARIABLE = YES;
				MACOSX_DEPLOYMENT_TARGET = 10.9;
				MTL_ENABLE_DEBUG_INFO = YES;
				ONLY_ACTIVE_ARCH = YES;
				SDKROOT = macosx;
			};
			name = Debug;
		};
		A5FBD0E51B89851700F0B80C /* Release */ = {
			isa = XCBuildConfiguration;
			buildSettings = {
				ALWAYS_SEARCH_USER_PATHS = NO;
				CLANG_CXX_LANGUAGE_STANDARD = "gnu++0x";
				CLANG_CXX_LIBRARY = "libc++";
				CLANG_ENABLE_MODULES = YES;
				CLANG_ENABLE_OBJC_ARC = YES;
				CLANG_WARN_BOOL_CONVERSION = YES;
				CLANG_WARN_CONSTANT_CONVERSION = YES;
				CLANG_WARN_DIRECT_OBJC_ISA_USAGE = YES_ERROR;
				CLANG_WARN_EMPTY_BODY = YES;
				CLANG_WARN_ENUM_CONVERSION = YES;
				CLANG_WARN_INT_CONVERSION = YES;
				CLANG_WARN_OBJC_ROOT_CLASS = YES_ERROR;
				CLANG_WARN_UNREACHABLE_CODE = YES;
				CLANG_WARN__DUPLICATE_METHOD_MATCH = YES;
				COPY_PHASE_STRIP = YES;
				DEBUG_INFORMATION_FORMAT = "dwarf-with-dsym";
				ENABLE_NS_ASSERTIONS = NO;
				ENABLE_STRICT_OBJC_MSGSEND = YES;
				GCC_C_LANGUAGE_STANDARD = gnu99;
				GCC_WARN_64_TO_32_BIT_CONVERSION = YES;
				GCC_WARN_ABOUT_RETURN_TYPE = YES_ERROR;
				GCC_WARN_UNDECLARED_SELECTOR = YES;
				GCC_WARN_UNINITIALIZED_AUTOS = YES_AGGRESSIVE;
				GCC_WARN_UNUSED_FUNCTION = YES;
				GCC_WARN_UNUSED_VARIABLE = YES;
				MACOSX_DEPLOYMENT_TARGET = 10.9;
				MTL_ENABLE_DEBUG_INFO = NO;
				SDKROOT = macosx;
			};
			name = Release;
		};
		A5FBD0E71B89851700F0B80C /* Debug */ = {
			isa = XCBuildConfiguration;
			buildSettings = {
				PRODUCT_NAME = "$(TARGET_NAME)";
			};
			name = Debug;
		};
		A5FBD0E81B89851700F0B80C /* Release */ = {
			isa = XCBuildConfiguration;
			buildSettings = {
				PRODUCT_NAME = "$(TARGET_NAME)";
			};
			name = Release;
		};
/* End XCBuildConfiguration section */

/* Begin XCConfigurationList section */
		A5FBD0DA1B89851700F0B80C /* Build configuration list for PBXProject "Cometogether" */ = {
			isa = XCConfigurationList;
			buildConfigurations = (
				A5FBD0E41B89851700F0B80C /* Debug */,
				A5FBD0E51B89851700F0B80C /* Release */,
			);
			defaultConfigurationIsVisible = 0;
			defaultConfigurationName = Release;
		};
		A5FBD0E61B89851700F0B80C /* Build configuration list for PBXNativeTarget "Cometogether" */ = {
			isa = XCConfigurationList;
			buildConfigurations = (
				A5FBD0E71B89851700F0B80C /* Debug */,
				A5FBD0E81B89851700F0B80C /* Release */,
			);
			defaultConfigurationIsVisible = 0;
		};
/* End XCConfigurationList section */
	};
	rootObject = A5FBD0D71B89851700F0B80C /* Project object */;
}
