// !$*UTF8*$!
{
	archiveVersion = 1;
	classes = {
	};
	objectVersion = 46;
	objects = {

/* Begin PBXBuildFile section */
		A5A5BB3B1B89B2D600CB72DD /* main.m in Sources */ = {isa = PBXBuildFile; fileRef = A5A5BB3A1B89B2D600CB72DD /* main.m */; };
		A5A5BB431B89B2FA00CB72DD /* MyDictionary.m in Sources */ = {isa = PBXBuildFile; fileRef = A5A5BB421B89B2FA00CB72DD /* MyDictionary.m */; };
/* End PBXBuildFile section */

/* Begin PBXCopyFilesBuildPhase section */
		A5A5BB351B89B2D600CB72DD /* CopyFiles */ = {
			isa = PBXCopyFilesBuildPhase;
			buildActionMask = 2147483647;
			dstPath = /usr/share/man/man1/;
			dstSubfolderSpec = 0;
			files = (
			);
			runOnlyForDeploymentPostprocessing = 1;
		};
/* End PBXCopyFilesBuildPhase section */

/* Begin PBXFileReference section */
		A5A5BB371B89B2D600CB72DD /* MyDictionary */ = {isa = PBXFileReference; explicitFileType = "compiled.mach-o.executable"; includeInIndex = 0; path = MyDictionary; sourceTree = BUILT_PRODUCTS_DIR; };
		A5A5BB3A1B89B2D600CB72DD /* main.m */ = {isa = PBXFileReference; lastKnownFileType = sourcecode.c.objc; path = main.m; sourceTree = "<group>"; };
		A5A5BB411B89B2FA00CB72DD /* MyDictionary.h */ = {isa = PBXFileReference; fileEncoding = 4; lastKnownFileType = sourcecode.c.h; path = MyDictionary.h; sourceTree = "<group>"; };
		A5A5BB421B89B2FA00CB72DD /* MyDictionary.m */ = {isa = PBXFileReference; fileEncoding = 4; lastKnownFileType = sourcecode.c.objc; path = MyDictionary.m; sourceTree = "<group>"; };
/* End PBXFileReference section */

/* Begin PBXFrameworksBuildPhase section */
		A5A5BB341B89B2D600CB72DD /* Frameworks */ = {
			isa = PBXFrameworksBuildPhase;
			buildActionMask = 2147483647;
			files = (
			);
			runOnlyForDeploymentPostprocessing = 0;
		};
/* End PBXFrameworksBuildPhase section */

/* Begin PBXGroup section */
		A5A5BB2E1B89B2D600CB72DD = {
			isa = PBXGroup;
			children = (
				A5A5BB391B89B2D600CB72DD /* MyDictionary */,
				A5A5BB381B89B2D600CB72DD /* Products */,
			);
			sourceTree = "<group>";
		};
		A5A5BB381B89B2D600CB72DD /* Products */ = {
			isa = PBXGroup;
			children = (
				A5A5BB371B89B2D600CB72DD /* MyDictionary */,
			);
			name = Products;
			sourceTree = "<group>";
		};
		A5A5BB391B89B2D600CB72DD /* MyDictionary */ = {
			isa = PBXGroup;
			children = (
				A5A5BB3A1B89B2D600CB72DD /* main.m */,
				A5A5BB411B89B2FA00CB72DD /* MyDictionary.h */,
				A5A5BB421B89B2FA00CB72DD /* MyDictionary.m */,
			);
			path = MyDictionary;
			sourceTree = "<group>";
		};
/* End PBXGroup section */

/* Begin PBXNativeTarget section */
		A5A5BB361B89B2D600CB72DD /* MyDictionary */ = {
			isa = PBXNativeTarget;
			buildConfigurationList = A5A5BB3E1B89B2D600CB72DD /* Build configuration list for PBXNativeTarget "MyDictionary" */;
			buildPhases = (
				A5A5BB331B89B2D600CB72DD /* Sources */,
				A5A5BB341B89B2D600CB72DD /* Frameworks */,
				A5A5BB351B89B2D600CB72DD /* CopyFiles */,
			);
			buildRules = (
			);
			dependencies = (
			);
			name = MyDictionary;
			productName = MyDictionary;
			productReference = A5A5BB371B89B2D600CB72DD /* MyDictionary */;
			productType = "com.apple.product-type.tool";
		};
/* End PBXNativeTarget section */

/* Begin PBXProject section */
		A5A5BB2F1B89B2D600CB72DD /* Project object */ = {
			isa = PBXProject;
			attributes = {
				LastUpgradeCheck = 0610;
				ORGANIZATIONNAME = "Arama Brown";
				TargetAttributes = {
					A5A5BB361B89B2D600CB72DD = {
						CreatedOnToolsVersion = 6.1.1;
					};
				};
			};
			buildConfigurationList = A5A5BB321B89B2D600CB72DD /* Build configuration list for PBXProject "MyDictionary" */;
			compatibilityVersion = "Xcode 3.2";
			developmentRegion = English;
			hasScannedForEncodings = 0;
			knownRegions = (
				en,
			);
			mainGroup = A5A5BB2E1B89B2D600CB72DD;
			productRefGroup = A5A5BB381B89B2D600CB72DD /* Products */;
			projectDirPath = "";
			projectRoot = "";
			targets = (
				A5A5BB361B89B2D600CB72DD /* MyDictionary */,
			);
		};
/* End PBXProject section */

/* Begin PBXSourcesBuildPhase section */
		A5A5BB331B89B2D600CB72DD /* Sources */ = {
			isa = PBXSourcesBuildPhase;
			buildActionMask = 2147483647;
			files = (
				A5A5BB3B1B89B2D600CB72DD /* main.m in Sources */,
				A5A5BB431B89B2FA00CB72DD /* MyDictionary.m in Sources */,
			);
			runOnlyForDeploymentPostprocessing = 0;
		};
/* End PBXSourcesBuildPhase section */

/* Begin XCBuildConfiguration section */
		A5A5BB3C1B89B2D600CB72DD /* Debug */ = {
			isa = XCBuildConfiguration;
			buildSettings = {
				ALWAYS_SEARCH_USER_PATHS = NO;
				CLANG_CXX_LANGUAGE_STANDARD = "gnu++0x";
				CLANG_CXX_LIBRARY = "libc++";
				CLANG_ENABLE_MODULES = YES;
				CLANG_ENABLE_OBJC_ARC = YES;
				CLANG_WARN_BOOL_CONVERSION = YES;
				CLANG_WARN_CONSTANT_CONVERSION = YES;
				CLANG_WARN_DIRECT_OBJC_ISA_USAGE = YES_ERROR;
				CLANG_WARN_EMPTY_BODY = YES;
				CLANG_WARN_ENUM_CONVERSION = YES;
				CLANG_WARN_INT_CONVERSION = YES;
				CLANG_WARN_OBJC_ROOT_CLASS = YES_ERROR;
				CLANG_WARN_UNREACHABLE_CODE = YES;
				CLANG_WARN__DUPLICATE_METHOD_MATCH = YES;
				COPY_PHASE_STRIP = NO;
				ENABLE_STRICT_OBJC_MSGSEND = YES;
				GCC_C_LANGUAGE_STANDARD = gnu99;
				GCC_DYNAMIC_NO_PIC = NO;
				GCC_OPTIMIZATION_LEVEL = 0;
				GCC_PREPROCESSOR_DEFINITIONS = (
					"DEBUG=1",
					"$(inherited)",
				);
				GCC_SYMBOLS_PRIVATE_EXTERN = NO;
				GCC_WARN_64_TO_32_BIT_CONVERSION = YES;
				GCC_WARN_ABOUT_RETURN_TYPE = YES_ERROR;
				GCC_WARN_UNDECLARED_SELECTOR = YES;
				GCC_WARN_UNINITIALIZED_AUTOS = YES_AGGRESSIVE;
				GCC_WARN_UNUSED_FUNCTION = YES;
				GCC_WARN_UNUSED_VARIABLE = YES;
				MACOSX_DEPLOYMENT_TARGET = 10.9;
				MTL_ENABLE_DEBUG_INFO = YES;
				ONLY_ACTIVE_ARCH = YES;
				SDKROOT = macosx;
			};
			name = Debug;
		};
		A5A5BB3D1B89B2D600CB72DD /* Release */ = {
			isa = XCBuildConfiguration;
			buildSettings = {
				ALWAYS_SEARCH_USER_PATHS = NO;
				CLANG_CXX_LANGUAGE_STANDARD = "gnu++0x";
				CLANG_CXX_LIBRARY = "libc++";
				CLANG_ENABLE_MODULES = YES;
				CLANG_ENABLE_OBJC_ARC = YES;
				CLANG_WARN_BOOL_CONVERSION = YES;
				CLANG_WARN_CONSTANT_CONVERSION = YES;
				CLANG_WARN_DIRECT_OBJC_ISA_USAGE = YES_ERROR;
				CLANG_WARN_EMPTY_BODY = YES;
				CLANG_WARN_ENUM_CONVERSION = YES;
				CLANG_WARN_INT_CONVERSION = YES;
				CLANG_WARN_OBJC_ROOT_CLASS = YES_ERROR;
				CLANG_WARN_UNREACHABLE_CODE = YES;
				CLANG_WARN__DUPLICATE_METHOD_MATCH = YES;
				COPY_PHASE_STRIP = YES;
				DEBUG_INFORMATION_FORMAT = "dwarf-with-dsym";
				ENABLE_NS_ASSERTIONS = NO;
				ENABLE_STRICT_OBJC_MSGSEND = YES;
				GCC_C_LANGUAGE_STANDARD = gnu99;
				GCC_WARN_64_TO_32_BIT_CONVERSION = YES;
				GCC_WARN_ABOUT_RETURN_TYPE = YES_ERROR;
				GCC_WARN_UNDECLARED_SELECTOR = YES;
				GCC_WARN_UNINITIALIZED_AUTOS = YES_AGGRESSIVE;
				GCC_WARN_UNUSED_FUNCTION = YES;
				GCC_WARN_UNUSED_VARIABLE = YES;
				MACOSX_DEPLOYMENT_TARGET = 10.9;
				MTL_ENABLE_DEBUG_INFO = NO;
				SDKROOT = macosx;
			};
			name = Release;
		};
		A5A5BB3F1B89B2D600CB72DD /* Debug */ = {
			isa = XCBuildConfiguration;
			buildSettings = {
				PRODUCT_NAME = "$(TARGET_NAME)";
			};
			name = Debug;
		};
		A5A5BB401B89B2D600CB72DD /* Release */ = {
			isa = XCBuildConfiguration;
			buildSettings = {
				PRODUCT_NAME = "$(TARGET_NAME)";
			};
			name = Release;
		};
/* End XCBuildConfiguration section */

/* Begin XCConfigurationList section */
		A5A5BB321B89B2D600CB72DD /* Build configuration list for PBXProject "MyDictionary" */ = {
			isa = XCConfigurationList;
			buildConfigurations = (
				A5A5BB3C1B89B2D600CB72DD /* Debug */,
				A5A5BB3D1B89B2D600CB72DD /* Release */,
			);
			defaultConfigurationIsVisible = 0;
			defaultConfigurationName = Release;
		};
		A5A5BB3E1B89B2D600CB72DD /* Build configuration list for PBXNativeTarget "MyDictionary" */ = {
			isa = XCConfigurationList;
			buildConfigurations = (
				A5A5BB3F1B89B2D600CB72DD /* Debug */,
				A5A5BB401B89B2D600CB72DD /* Release */,
			);
			defaultConfigurationIsVisible = 0;
			defaultConfigurationName = Release;
		};
/* End XCConfigurationList section */
	};
	rootObject = A5A5BB2F1B89B2D600CB72DD /* Project object */;
}
